{
  "name": "texhr-im-mobile",
  "version": "1.0.0",
  "lockfileVersion": 1,
  "requires": true,
  "dependencies": {
    "nim-web-sdk-ng": {
      "version": "10.11.0",
      "resolved": "https://registry.npmjs.org/nim-web-sdk-ng/-/nim-web-sdk-ng-10.11.0.tgz",
      "integrity": "sha512-JBvBpq/WhmrwE/vYksDbO3w7FX+MAofPI2/Une6ZVdAjInK+FogZwdtgmGhJ1r4M8Co7PqLzgWzr+FN9wD/tfQ=="
    }
  }
}
